
Microsoft Visual Studio Solution File, Format Version 12.00
# Visual Studio 2012
Project("{FAE04EC0-301F-11D3-BF4B-00C04F79EFBC}") = "Test1", "Test1\Test1.csproj", "{1A6F135F-8025-49E0-9B23-EB80D8FFB59F}"
EndProject
Global
	GlobalSection(SolutionConfigurationPlatforms) = preSolution
		Debug|Any CPU = Debug|Any CPU
		Release|Any CPU = Release|Any CPU
	EndGlobalSection
	GlobalSection(ProjectConfigurationPlatforms) = postSolution
		{1A6F135F-8025-49E0-9B23-EB80D8FFB59F}.Debug|Any CPU.ActiveCfg = Debug|Any CPU
		{1A6F135F-8025-49E0-9B23-EB80D8FFB59F}.Debug|Any CPU.Build.0 = Debug|Any CPU
		{1A6F135F-8025-49E0-9B23-EB80D8FFB59F}.Release|Any CPU.ActiveCfg = Release|Any CPU
		{1A6F135F-8025-49E0-9B23-EB80D8FFB59F}.Release|Any CPU.Build.0 = Release|Any CPU
	EndGlobalSection
	GlobalSection(SolutionProperties) = preSolution
		HideSolutionNode = FALSE
	EndGlobalSection
EndGlobal
